
Microsoft Visual Studio Solution File, Format Version 12.00
# Visual Studio 15
VisualStudioVersion = 15.0.28307.271
MinimumVisualStudioVersion = 10.0.40219.1
Project("{9A19103F-16F7-4668-BE54-9A1E7A4F7556}") = "RWTHMoodleClient", "RWTHMoodleClient\RWTHMoodleClient.csproj", "{38C89D84-7438-4140-AE77-2EC15E81A02B}"
EndProject
Project("{9A19103F-16F7-4668-BE54-9A1E7A4F7556}") = "RWTHMoodleExample", "RWTHMoodleExample\RWTHMoodleExample.csproj", "{32CF5B52-F989-4B88-BA50-80805DE5D11C}"
EndProject
Project("{2150E333-8FDC-42A3-9474-1A3956D46DE8}") = "Solution Items", "Solution Items", "{7107415B-D5A7-4A1B-B562-B5E47131F904}"
	ProjectSection(SolutionItems) = preProject
		.gitlab-ci.yml = .gitlab-ci.yml
	EndProjectSection
EndProject
Global
	GlobalSection(SolutionConfigurationPlatforms) = preSolution
		Debug|Any CPU = Debug|Any CPU
		Debug|ARM = Debug|ARM
		Debug|iPhone = Debug|iPhone
		Debug|iPhoneSimulator = Debug|iPhoneSimulator
		Debug|x64 = Debug|x64
		Debug|x86 = Debug|x86
		Release|Any CPU = Release|Any CPU
		Release|ARM = Release|ARM
		Release|iPhone = Release|iPhone
		Release|iPhoneSimulator = Release|iPhoneSimulator
		Release|x64 = Release|x64
		Release|x86 = Release|x86
	EndGlobalSection
	GlobalSection(ProjectConfigurationPlatforms) = postSolution
		{38C89D84-7438-4140-AE77-2EC15E81A02B}.Debug|Any CPU.ActiveCfg = Debug|Any CPU
		{38C89D84-7438-4140-AE77-2EC15E81A02B}.Debug|Any CPU.Build.0 = Debug|Any CPU
		{38C89D84-7438-4140-AE77-2EC15E81A02B}.Debug|ARM.ActiveCfg = Debug|Any CPU
		{38C89D84-7438-4140-AE77-2EC15E81A02B}.Debug|ARM.Build.0 = Debug|Any CPU
		{38C89D84-7438-4140-AE77-2EC15E81A02B}.Debug|iPhone.ActiveCfg = Debug|Any CPU
		{38C89D84-7438-4140-AE77-2EC15E81A02B}.Debug|iPhone.Build.0 = Debug|Any CPU
		{38C89D84-7438-4140-AE77-2EC15E81A02B}.Debug|iPhoneSimulator.ActiveCfg = Debug|Any CPU
		{38C89D84-7438-4140-AE77-2EC15E81A02B}.Debug|iPhoneSimulator.Build.0 = Debug|Any CPU
		{38C89D84-7438-4140-AE77-2EC15E81A02B}.Debug|x64.ActiveCfg = Debug|Any CPU
		{38C89D84-7438-4140-AE77-2EC15E81A02B}.Debug|x64.Build.0 = Debug|Any CPU
		{38C89D84-7438-4140-AE77-2EC15E81A02B}.Debug|x86.ActiveCfg = Debug|Any CPU
		{38C89D84-7438-4140-AE77-2EC15E81A02B}.Debug|x86.Build.0 = Debug|Any CPU
		{38C89D84-7438-4140-AE77-2EC15E81A02B}.Release|Any CPU.ActiveCfg = Release|Any CPU
		{38C89D84-7438-4140-AE77-2EC15E81A02B}.Release|Any CPU.Build.0 = Release|Any CPU
		{38C89D84-7438-4140-AE77-2EC15E81A02B}.Release|ARM.ActiveCfg = Release|Any CPU
		{38C89D84-7438-4140-AE77-2EC15E81A02B}.Release|ARM.Build.0 = Release|Any CPU
		{38C89D84-7438-4140-AE77-2EC15E81A02B}.Release|iPhone.ActiveCfg = Release|Any CPU
		{38C89D84-7438-4140-AE77-2EC15E81A02B}.Release|iPhone.Build.0 = Release|Any CPU
		{38C89D84-7438-4140-AE77-2EC15E81A02B}.Release|iPhoneSimulator.ActiveCfg = Release|Any CPU
		{38C89D84-7438-4140-AE77-2EC15E81A02B}.Release|iPhoneSimulator.Build.0 = Release|Any CPU
		{38C89D84-7438-4140-AE77-2EC15E81A02B}.Release|x64.ActiveCfg = Release|Any CPU
		{38C89D84-7438-4140-AE77-2EC15E81A02B}.Release|x64.Build.0 = Release|Any CPU
		{38C89D84-7438-4140-AE77-2EC15E81A02B}.Release|x86.ActiveCfg = Release|Any CPU
		{38C89D84-7438-4140-AE77-2EC15E81A02B}.Release|x86.Build.0 = Release|Any CPU
		{32CF5B52-F989-4B88-BA50-80805DE5D11C}.Debug|Any CPU.ActiveCfg = Debug|Any CPU
		{32CF5B52-F989-4B88-BA50-80805DE5D11C}.Debug|Any CPU.Build.0 = Debug|Any CPU
		{32CF5B52-F989-4B88-BA50-80805DE5D11C}.Debug|ARM.ActiveCfg = Debug|Any CPU
		{32CF5B52-F989-4B88-BA50-80805DE5D11C}.Debug|ARM.Build.0 = Debug|Any CPU
		{32CF5B52-F989-4B88-BA50-80805DE5D11C}.Debug|iPhone.ActiveCfg = Debug|Any CPU
		{32CF5B52-F989-4B88-BA50-80805DE5D11C}.Debug|iPhone.Build.0 = Debug|Any CPU
		{32CF5B52-F989-4B88-BA50-80805DE5D11C}.Debug|iPhoneSimulator.ActiveCfg = Debug|Any CPU
		{32CF5B52-F989-4B88-BA50-80805DE5D11C}.Debug|iPhoneSimulator.Build.0 = Debug|Any CPU
		{32CF5B52-F989-4B88-BA50-80805DE5D11C}.Debug|x64.ActiveCfg = Debug|Any CPU
		{32CF5B52-F989-4B88-BA50-80805DE5D11C}.Debug|x64.Build.0 = Debug|Any CPU
		{32CF5B52-F989-4B88-BA50-80805DE5D11C}.Debug|x86.ActiveCfg = Debug|Any CPU
		{32CF5B52-F989-4B88-BA50-80805DE5D11C}.Debug|x86.Build.0 = Debug|Any CPU
		{32CF5B52-F989-4B88-BA50-80805DE5D11C}.Release|Any CPU.ActiveCfg = Release|Any CPU
		{32CF5B52-F989-4B88-BA50-80805DE5D11C}.Release|Any CPU.Build.0 = Release|Any CPU
		{32CF5B52-F989-4B88-BA50-80805DE5D11C}.Release|ARM.ActiveCfg = Release|Any CPU
		{32CF5B52-F989-4B88-BA50-80805DE5D11C}.Release|ARM.Build.0 = Release|Any CPU
		{32CF5B52-F989-4B88-BA50-80805DE5D11C}.Release|iPhone.ActiveCfg = Release|Any CPU
		{32CF5B52-F989-4B88-BA50-80805DE5D11C}.Release|iPhone.Build.0 = Release|Any CPU
		{32CF5B52-F989-4B88-BA50-80805DE5D11C}.Release|iPhoneSimulator.ActiveCfg = Release|Any CPU
		{32CF5B52-F989-4B88-BA50-80805DE5D11C}.Release|iPhoneSimulator.Build.0 = Release|Any CPU
		{32CF5B52-F989-4B88-BA50-80805DE5D11C}.Release|x64.ActiveCfg = Release|Any CPU
		{32CF5B52-F989-4B88-BA50-80805DE5D11C}.Release|x64.Build.0 = Release|Any CPU
		{32CF5B52-F989-4B88-BA50-80805DE5D11C}.Release|x86.ActiveCfg = Release|Any CPU
		{32CF5B52-F989-4B88-BA50-80805DE5D11C}.Release|x86.Build.0 = Release|Any CPU
	EndGlobalSection
	GlobalSection(SolutionProperties) = preSolution
		HideSolutionNode = FALSE
	EndGlobalSection
	GlobalSection(ExtensibilityGlobals) = postSolution
		SolutionGuid = {4C434B21-E3A4-4165-B0E8-A9326271C033}
	EndGlobalSection
EndGlobal
